// !$*UTF8*$!
{
	archiveVersion = 1;
	classes = {
	};
	objectVersion = 48;
	objects = {

/* Begin PBXBuildFile section */
		09A0EA8686B3E1EC742F97AB /* Pods_OFODemo.framework in Frameworks */ = {isa = PBXBuildFile; fileRef = 33F080EA96A11618683484E8 /* Pods_OFODemo.framework */; };
		A90523682006F43F006F2149 /* BottomView.swift in Sources */ = {isa = PBXBuildFile; fileRef = A90523672006F43F006F2149 /* BottomView.swift */; };
		A905236C200711EE006F2149 /* UserViewController.swift in Sources */ = {isa = PBXBuildFile; fileRef = A905236B200711EE006F2149 /* UserViewController.swift */; };
		A90523752007198D006F2149 /* UserTopView.swift in Sources */ = {isa = PBXBuildFile; fileRef = A90523742007198D006F2149 /* UserTopView.swift */; };
		A90523772007199D006F2149 /* UserBottomView.swift in Sources */ = {isa = PBXBuildFile; fileRef = A90523762007199D006F2149 /* UserBottomView.swift */; };
		A905237920071D8F006F2149 /* ConnectPresent.swift in Sources */ = {isa = PBXBuildFile; fileRef = A905237820071D8F006F2149 /* ConnectPresent.swift */; };
		A9449D262009184C006C6F04 /* CenterPinAnnotation.swift in Sources */ = {isa = PBXBuildFile; fileRef = A9449D252009184C006C6F04 /* CenterPinAnnotation.swift */; };
		A946AFAE200A6DE500DF31BD /* CustomCalloutView.swift in Sources */ = {isa = PBXBuildFile; fileRef = A946AFAD200A6DE400DF31BD /* CustomCalloutView.swift */; };
		A96CD2A620064A4E009C25D3 /* AppDelegate.swift in Sources */ = {isa = PBXBuildFile; fileRef = A96CD2A520064A4E009C25D3 /* AppDelegate.swift */; };
		A96CD2AB20064A4E009C25D3 /* Main.storyboard in Resources */ = {isa = PBXBuildFile; fileRef = A96CD2A920064A4E009C25D3 /* Main.storyboard */; };
		A96CD2AD20064A4E009C25D3 /* Assets.xcassets in Resources */ = {isa = PBXBuildFile; fileRef = A96CD2AC20064A4E009C25D3 /* Assets.xcassets */; };
		A96CD2B020064A4E009C25D3 /* LaunchScreen.storyboard in Resources */ = {isa = PBXBuildFile; fileRef = A96CD2AE20064A4E009C25D3 /* LaunchScreen.storyboard */; };
		A96CD2B820064E7A009C25D3 /* HomeViewController.swift in Sources */ = {isa = PBXBuildFile; fileRef = A96CD2B720064E7A009C25D3 /* HomeViewController.swift */; };
		A9B83B8820089BA500DC2CD1 /* BaseViewController.swift in Sources */ = {isa = PBXBuildFile; fileRef = A9B83B8720089BA500DC2CD1 /* BaseViewController.swift */; };
		A9B83B8A20089BCE00DC2CD1 /* SetUserViewController.swift in Sources */ = {isa = PBXBuildFile; fileRef = A9B83B8920089BCE00DC2CD1 /* SetUserViewController.swift */; };
/* End PBXBuildFile section */

/* Begin PBXFileReference section */
		33F080EA96A11618683484E8 /* Pods_OFODemo.framework */ = {isa = PBXFileReference; explicitFileType = wrapper.framework; includeInIndex = 0; path = Pods_OFODemo.framework; sourceTree = BUILT_PRODUCTS_DIR; };
		5EA0E566E1C4C7E7F6922A89 /* Pods-OFODemo.debug.xcconfig */ = {isa = PBXFileReference; includeInIndex = 1; lastKnownFileType = text.xcconfig; name = "Pods-OFODemo.debug.xcconfig"; path = "Pods/Target Support Files/Pods-OFODemo/Pods-OFODemo.debug.xcconfig"; sourceTree = "<group>"; };
		A90523672006F43F006F2149 /* BottomView.swift */ = {isa = PBXFileReference; lastKnownFileType = sourcecode.swift; path = BottomView.swift; sourceTree = "<group>"; };
		A905236B200711EE006F2149 /* UserViewController.swift */ = {isa = PBXFileReference; lastKnownFileType = sourcecode.swift; path = UserViewController.swift; sourceTree = "<group>"; };
		A90523742007198D006F2149 /* UserTopView.swift */ = {isa = PBXFileReference; lastKnownFileType = sourcecode.swift; path = UserTopView.swift; sourceTree = "<group>"; };
		A90523762007199D006F2149 /* UserBottomView.swift */ = {isa = PBXFileReference; lastKnownFileType = sourcecode.swift; path = UserBottomView.swift; sourceTree = "<group>"; };
		A905237820071D8F006F2149 /* ConnectPresent.swift */ = {isa = PBXFileReference; lastKnownFileType = sourcecode.swift; path = ConnectPresent.swift; sourceTree = "<group>"; };
		A9449D252009184C006C6F04 /* CenterPinAnnotation.swift */ = {isa = PBXFileReference; lastKnownFileType = sourcecode.swift; path = CenterPinAnnotation.swift; sourceTree = "<group>"; };
		A946AFAD200A6DE400DF31BD /* CustomCalloutView.swift */ = {isa = PBXFileReference; lastKnownFileType = sourcecode.swift; path = CustomCalloutView.swift; sourceTree = "<group>"; };
		A96CD2A220064A4E009C25D3 /* OFODemo.app */ = {isa = PBXFileReference; explicitFileType = wrapper.application; includeInIndex = 0; path = OFODemo.app; sourceTree = BUILT_PRODUCTS_DIR; };
		A96CD2A520064A4E009C25D3 /* AppDelegate.swift */ = {isa = PBXFileReference; lastKnownFileType = sourcecode.swift; path = AppDelegate.swift; sourceTree = "<group>"; };
		A96CD2AA20064A4E009C25D3 /* Base */ = {isa = PBXFileReference; lastKnownFileType = file.storyboard; name = Base; path = Base.lproj/Main.storyboard; sourceTree = "<group>"; };
		A96CD2AC20064A4E009C25D3 /* Assets.xcassets */ = {isa = PBXFileReference; lastKnownFileType = folder.assetcatalog; path = Assets.xcassets; sourceTree = "<group>"; };
		A96CD2AF20064A4E009C25D3 /* Base */ = {isa = PBXFileReference; lastKnownFileType = file.storyboard; name = Base; path = Base.lproj/LaunchScreen.storyboard; sourceTree = "<group>"; };
		A96CD2B120064A4E009C25D3 /* Info.plist */ = {isa = PBXFileReference; lastKnownFileType = text.plist.xml; path = Info.plist; sourceTree = "<group>"; };
		A96CD2B720064E7A009C25D3 /* HomeViewController.swift */ = {isa = PBXFileReference; lastKnownFileType = sourcecode.swift; path = HomeViewController.swift; sourceTree = "<group>"; };
		A9B83B8720089BA500DC2CD1 /* BaseViewController.swift */ = {isa = PBXFileReference; lastKnownFileType = sourcecode.swift; path = BaseViewController.swift; sourceTree = "<group>"; };
		A9B83B8920089BCE00DC2CD1 /* SetUserViewController.swift */ = {isa = PBXFileReference; lastKnownFileType = sourcecode.swift; path = SetUserViewController.swift; sourceTree = "<group>"; };
		A9B83B8D2008A68F00DC2CD1 /* OFODemo-Bridging-Header.h */ = {isa = PBXFileReference; lastKnownFileType = sourcecode.c.h; path = "OFODemo-Bridging-Header.h"; sourceTree = "<group>"; };
		CD6352182B0543E78D159856 /* Pods-OFODemo.release.xcconfig */ = {isa = PBXFileReference; includeInIndex = 1; lastKnownFileType = text.xcconfig; name = "Pods-OFODemo.release.xcconfig"; path = "Pods/Target Support Files/Pods-OFODemo/Pods-OFODemo.release.xcconfig"; sourceTree = "<group>"; };
/* End PBXFileReference section */

/* Begin PBXFrameworksBuildPhase section */
		A96CD29F20064A4E009C25D3 /* Frameworks */ = {
			isa = PBXFrameworksBuildPhase;
			buildActionMask = 2147483647;
			files = (
				09A0EA8686B3E1EC742F97AB /* Pods_OFODemo.framework in Frameworks */,
			);
			runOnlyForDeploymentPostprocessing = 0;
		};
/* End PBXFrameworksBuildPhase section */

/* Begin PBXGroup section */
		70C921D95E27F5A6AD7D95A8 /* Pods */ = {
			isa = PBXGroup;
			children = (
				5EA0E566E1C4C7E7F6922A89 /* Pods-OFODemo.debug.xcconfig */,
				CD6352182B0543E78D159856 /* Pods-OFODemo.release.xcconfig */,
			);
			name = Pods;
			sourceTree = "<group>";
		};
		A90523642006F40A006F2149 /* Home */ = {
			isa = PBXGroup;
			children = (
				A90523652006F415006F2149 /* Controller */,
				A90523662006F41E006F2149 /* View */,
			);
			path = Home;
			sourceTree = "<group>";
		};
		A90523652006F415006F2149 /* Controller */ = {
			isa = PBXGroup;
			children = (
				A96CD2B720064E7A009C25D3 /* HomeViewController.swift */,
			);
			path = Controller;
			sourceTree = "<group>";
		};
		A90523662006F41E006F2149 /* View */ = {
			isa = PBXGroup;
			children = (
				A90523672006F43F006F2149 /* BottomView.swift */,
				A9449D252009184C006C6F04 /* CenterPinAnnotation.swift */,
				A946AFAD200A6DE400DF31BD /* CustomCalloutView.swift */,
			);
			path = View;
			sourceTree = "<group>";
		};
		A9052369200711D3006F2149 /* User */ = {
			isa = PBXGroup;
			children = (
				A905236A200711DB006F2149 /* Controller */,
				A905237020071378006F2149 /* View */,
			);
			path = User;
			sourceTree = "<group>";
		};
		A905236A200711DB006F2149 /* Controller */ = {
			isa = PBXGroup;
			children = (
				A905236B200711EE006F2149 /* UserViewController.swift */,
				A9B83B8920089BCE00DC2CD1 /* SetUserViewController.swift */,
			);
			path = Controller;
			sourceTree = "<group>";
		};
		A905236F2007124C006F2149 /* Aplication */ = {
			isa = PBXGroup;
			children = (
				A96CD2A520064A4E009C25D3 /* AppDelegate.swift */,
				A96CD2A920064A4E009C25D3 /* Main.storyboard */,
				A96CD2AC20064A4E009C25D3 /* Assets.xcassets */,
				A96CD2AE20064A4E009C25D3 /* LaunchScreen.storyboard */,
				A96CD2B120064A4E009C25D3 /* Info.plist */,
			);
			name = Aplication;
			sourceTree = "<group>";
		};
		A905237020071378006F2149 /* View */ = {
			isa = PBXGroup;
			children = (
				A90523742007198D006F2149 /* UserTopView.swift */,
				A90523762007199D006F2149 /* UserBottomView.swift */,
			);
			path = View;
			sourceTree = "<group>";
		};
		A905237120071383006F2149 /* Tools */ = {
			isa = PBXGroup;
			children = (
				A905237820071D8F006F2149 /* ConnectPresent.swift */,
				A9B83B8D2008A68F00DC2CD1 /* OFODemo-Bridging-Header.h */,
			);
			path = Tools;
			sourceTree = "<group>";
		};
		A96CD29920064A4E009C25D3 = {
			isa = PBXGroup;
			children = (
				A96CD2A420064A4E009C25D3 /* OFODemo */,
				A96CD2A320064A4E009C25D3 /* Products */,
				A96CD2B920065036009C25D3 /* Frameworks */,
				70C921D95E27F5A6AD7D95A8 /* Pods */,
			);
			sourceTree = "<group>";
		};
		A96CD2A320064A4E009C25D3 /* Products */ = {
			isa = PBXGroup;
			children = (
				A96CD2A220064A4E009C25D3 /* OFODemo.app */,
			);
			name = Products;
			sourceTree = "<group>";
		};
		A96CD2A420064A4E009C25D3 /* OFODemo */ = {
			isa = PBXGroup;
			children = (
				A905236F2007124C006F2149 /* Aplication */,
				A9B83B8620089B7700DC2CD1 /* Base */,
				A90523642006F40A006F2149 /* Home */,
				A9052369200711D3006F2149 /* User */,
				A905237120071383006F2149 /* Tools */,
			);
			path = OFODemo;
			sourceTree = "<group>";
		};
		A96CD2B920065036009C25D3 /* Frameworks */ = {
			isa = PBXGroup;
			children = (
				33F080EA96A11618683484E8 /* Pods_OFODemo.framework */,
			);
			name = Frameworks;
			sourceTree = "<group>";
		};
		A9B83B8620089B7700DC2CD1 /* Base */ = {
			isa = PBXGroup;
			children = (
				A9B83B8720089BA500DC2CD1 /* BaseViewController.swift */,
			);
			path = Base;
			sourceTree = "<group>";
		};
/* End PBXGroup section */

/* Begin PBXNativeTarget section */
		A96CD2A120064A4E009C25D3 /* OFODemo */ = {
			isa = PBXNativeTarget;
			buildConfigurationList = A96CD2B420064A4E009C25D3 /* Build configuration list for PBXNativeTarget "OFODemo" */;
			buildPhases = (
				3A10589C7AE307624DB59AF6 /* [CP] Check Pods Manifest.lock */,
				A96CD29E20064A4E009C25D3 /* Sources */,
				A96CD29F20064A4E009C25D3 /* Frameworks */,
				A96CD2A020064A4E009C25D3 /* Resources */,
				5685F76EB53A789F8A113F93 /* [CP] Embed Pods Frameworks */,
				4748179BED9193CF27055CAC /* [CP] Copy Pods Resources */,
			);
			buildRules = (
			);
			dependencies = (
			);
			name = OFODemo;
			productName = OFODemo;
			productReference = A96CD2A220064A4E009C25D3 /* OFODemo.app */;
			productType = "com.apple.product-type.application";
		};
/* End PBXNativeTarget section */

/* Begin PBXProject section */
		A96CD29A20064A4E009C25D3 /* Project object */ = {
			isa = PBXProject;
			attributes = {
				LastSwiftUpdateCheck = 0920;
				LastUpgradeCheck = 0920;
				ORGANIZATIONNAME = Carson;
				TargetAttributes = {
					A96CD2A120064A4E009C25D3 = {
						CreatedOnToolsVersion = 9.2;
						LastSwiftMigration = 0920;
						ProvisioningStyle = Automatic;
						SystemCapabilities = {
							com.apple.Maps.iOS = {
								enabled = 0;
							};
						};
					};
				};
			};
			buildConfigurationList = A96CD29D20064A4E009C25D3 /* Build configuration list for PBXProject "OFODemo" */;
			compatibilityVersion = "Xcode 8.0";
			developmentRegion = en;
			hasScannedForEncodings = 0;
			knownRegions = (
				en,
				Base,
			);
			mainGroup = A96CD29920064A4E009C25D3;
			productRefGroup = A96CD2A320064A4E009C25D3 /* Products */;
			projectDirPath = "";
			projectRoot = "";
			targets = (
				A96CD2A120064A4E009C25D3 /* OFODemo */,
			);
		};
/* End PBXProject section */

/* Begin PBXResourcesBuildPhase section */
		A96CD2A020064A4E009C25D3 /* Resources */ = {
			isa = PBXResourcesBuildPhase;
			buildActionMask = 2147483647;
			files = (
				A96CD2B020064A4E009C25D3 /* LaunchScreen.storyboard in Resources */,
				A96CD2AD20064A4E009C25D3 /* Assets.xcassets in Resources */,
				A96CD2AB20064A4E009C25D3 /* Main.storyboard in Resources */,
			);
			runOnlyForDeploymentPostprocessing = 0;
		};
/* End PBXResourcesBuildPhase section */

/* Begin PBXShellScriptBuildPhase section */
		3A10589C7AE307624DB59AF6 /* [CP] Check Pods Manifest.lock */ = {
			isa = PBXShellScriptBuildPhase;
			buildActionMask = 2147483647;
			files = (
			);
			inputPaths = (
				"${PODS_PODFILE_DIR_PATH}/Podfile.lock",
				"${PODS_ROOT}/Manifest.lock",
			);
			name = "[CP] Check Pods Manifest.lock";
			outputPaths = (
				"$(DERIVED_FILE_DIR)/Pods-OFODemo-checkManifestLockResult.txt",
			);
			runOnlyForDeploymentPostprocessing = 0;
			shellPath = /bin/sh;
			shellScript = "diff \"${PODS_PODFILE_DIR_PATH}/Podfile.lock\" \"${PODS_ROOT}/Manifest.lock\" > /dev/null\nif [ $? != 0 ] ; then\n    # print error to STDERR\n    echo \"error: The sandbox is not in sync with the Podfile.lock. Run 'pod install' or update your CocoaPods installation.\" >&2\n    exit 1\nfi\n# This output is used by Xcode 'outputs' to avoid re-running this script phase.\necho \"SUCCESS\" > \"${SCRIPT_OUTPUT_FILE_0}\"\n";
			showEnvVarsInLog = 0;
		};
		4748179BED9193CF27055CAC /* [CP] Copy Pods Resources */ = {
			isa = PBXShellScriptBuildPhase;
			buildActionMask = 2147483647;
			files = (
			);
			inputPaths = (
				"${SRCROOT}/Pods/Target Support Files/Pods-OFODemo/Pods-OFODemo-resources.sh",
				"${PODS_ROOT}/AMap3DMap/MAMapKit.framework/AMap.bundle",
				"${PODS_ROOT}/AMapNavi/AMapNaviKit.framework/AMapNavi.bundle",
			);
			name = "[CP] Copy Pods Resources";
			outputPaths = (
				"${TARGET_BUILD_DIR}/${UNLOCALIZED_RESOURCES_FOLDER_PATH}/AMap.bundle",
				"${TARGET_BUILD_DIR}/${UNLOCALIZED_RESOURCES_FOLDER_PATH}/AMapNavi.bundle",
			);
			runOnlyForDeploymentPostprocessing = 0;
			shellPath = /bin/sh;
			shellScript = "\"${SRCROOT}/Pods/Target Support Files/Pods-OFODemo/Pods-OFODemo-resources.sh\"\n";
			showEnvVarsInLog = 0;
		};
		5685F76EB53A789F8A113F93 /* [CP] Embed Pods Frameworks */ = {
			isa = PBXShellScriptBuildPhase;
			buildActionMask = 2147483647;
			files = (
			);
			inputPaths = (
				"${SRCROOT}/Pods/Target Support Files/Pods-OFODemo/Pods-OFODemo-frameworks.sh",
				"${BUILT_PRODUCTS_DIR}/SnapKit/SnapKit.framework",
			);
			name = "[CP] Embed Pods Frameworks";
			outputPaths = (
				"${TARGET_BUILD_DIR}/${FRAMEWORKS_FOLDER_PATH}/SnapKit.framework",
			);
			runOnlyForDeploymentPostprocessing = 0;
			shellPath = /bin/sh;
			shellScript = "\"${SRCROOT}/Pods/Target Support Files/Pods-OFODemo/Pods-OFODemo-frameworks.sh\"\n";
			showEnvVarsInLog = 0;
		};
/* End PBXShellScriptBuildPhase section */

/* Begin PBXSourcesBuildPhase section */
		A96CD29E20064A4E009C25D3 /* Sources */ = {
			isa = PBXSourcesBuildPhase;
			buildActionMask = 2147483647;
			files = (
				A90523682006F43F006F2149 /* BottomView.swift in Sources */,
				A905236C200711EE006F2149 /* UserViewController.swift in Sources */,
				A90523772007199D006F2149 /* UserBottomView.swift in Sources */,
				A96CD2A620064A4E009C25D3 /* AppDelegate.swift in Sources */,
				A905237920071D8F006F2149 /* ConnectPresent.swift in Sources */,
				A9449D262009184C006C6F04 /* CenterPinAnnotation.swift in Sources */,
				A9B83B8820089BA500DC2CD1 /* BaseViewController.swift in Sources */,
				A9B83B8A20089BCE00DC2CD1 /* SetUserViewController.swift in Sources */,
				A946AFAE200A6DE500DF31BD /* CustomCalloutView.swift in Sources */,
				A90523752007198D006F2149 /* UserTopView.swift in Sources */,
				A96CD2B820064E7A009C25D3 /* HomeViewController.swift in Sources */,
			);
			runOnlyForDeploymentPostprocessing = 0;
		};
/* End PBXSourcesBuildPhase section */

/* Begin PBXVariantGroup section */
		A96CD2A920064A4E009C25D3 /* Main.storyboard */ = {
			isa = PBXVariantGroup;
			children = (
				A96CD2AA20064A4E009C25D3 /* Base */,
			);
			name = Main.storyboard;
			sourceTree = "<group>";
		};
		A96CD2AE20064A4E009C25D3 /* LaunchScreen.storyboard */ = {
			isa = PBXVariantGroup;
			children = (
				A96CD2AF20064A4E009C25D3 /* Base */,
			);
			name = LaunchScreen.storyboard;
			sourceTree = "<group>";
		};
/* End PBXVariantGroup section */

/* Begin XCBuildConfiguration section */
		A96CD2B220064A4E009C25D3 /* Debug */ = {
			isa = XCBuildConfiguration;
			buildSettings = {
				ALWAYS_SEARCH_USER_PATHS = NO;
				CLANG_ANALYZER_NONNULL = YES;
				CLANG_ANALYZER_NUMBER_OBJECT_CONVERSION = YES_AGGRESSIVE;
				CLANG_CXX_LANGUAGE_STANDARD = "gnu++14";
				CLANG_CXX_LIBRARY = "libc++";
				CLANG_ENABLE_MODULES = YES;
				CLANG_ENABLE_OBJC_ARC = YES;
				CLANG_WARN_BLOCK_CAPTURE_AUTORELEASING = YES;
				CLANG_WARN_BOOL_CONVERSION = YES;
				CLANG_WARN_COMMA = YES;
				CLANG_WARN_CONSTANT_CONVERSION = YES;
				CLANG_WARN_DIRECT_OBJC_ISA_USAGE = YES_ERROR;
				CLANG_WARN_DOCUMENTATION_COMMENTS = YES;
				CLANG_WARN_EMPTY_BODY = YES;
				CLANG_WARN_ENUM_CONVERSION = YES;
				CLANG_WARN_INFINITE_RECURSION = YES;
				CLANG_WARN_INT_CONVERSION = YES;
				CLANG_WARN_NON_LITERAL_NULL_CONVERSION = YES;
				CLANG_WARN_OBJC_LITERAL_CONVERSION = YES;
				CLANG_WARN_OBJC_ROOT_CLASS = YES_ERROR;
				CLANG_WARN_RANGE_LOOP_ANALYSIS = YES;
				CLANG_WARN_STRICT_PROTOTYPES = YES;
				CLANG_WARN_SUSPICIOUS_MOVE = YES;
				CLANG_WARN_UNGUARDED_AVAILABILITY = YES_AGGRESSIVE;
				CLANG_WARN_UNREACHABLE_CODE = YES;
				CLANG_WARN__DUPLICATE_METHOD_MATCH = YES;
				CODE_SIGN_IDENTITY = "iPhone Developer";
				COPY_PHASE_STRIP = NO;
				DEBUG_INFORMATION_FORMAT = dwarf;
				ENABLE_STRICT_OBJC_MSGSEND = YES;
				ENABLE_TESTABILITY = YES;
				GCC_C_LANGUAGE_STANDARD = gnu11;
				GCC_DYNAMIC_NO_PIC = NO;
				GCC_NO_COMMON_BLOCKS = YES;
				GCC_OPTIMIZATION_LEVEL = 0;
				GCC_PREPROCESSOR_DEFINITIONS = (
					"DEBUG=1",
					"$(inherited)",
				);
				GCC_WARN_64_TO_32_BIT_CONVERSION = YES;
				GCC_WARN_ABOUT_RETURN_TYPE = YES_ERROR;
				GCC_WARN_UNDECLARED_SELECTOR = YES;
				GCC_WARN_UNINITIALIZED_AUTOS = YES_AGGRESSIVE;
				GCC_WARN_UNUSED_FUNCTION = YES;
				GCC_WARN_UNUSED_VARIABLE = YES;
				IPHONEOS_DEPLOYMENT_TARGET = 11.2;
				MTL_ENABLE_DEBUG_INFO = YES;
				ONLY_ACTIVE_ARCH = YES;
				SDKROOT = iphoneos;
				SWIFT_ACTIVE_COMPILATION_CONDITIONS = DEBUG;
				SWIFT_OPTIMIZATION_LEVEL = "-Onone";
			};
			name = Debug;
		};
		A96CD2B320064A4E009C25D3 /* Release */ = {
			isa = XCBuildConfiguration;
			buildSettings = {
				ALWAYS_SEARCH_USER_PATHS = NO;
				CLANG_ANALYZER_NONNULL = YES;
				CLANG_ANALYZER_NUMBER_OBJECT_CONVERSION = YES_AGGRESSIVE;
				CLANG_CXX_LANGUAGE_STANDARD = "gnu++14";
				CLANG_CXX_LIBRARY = "libc++";
				CLANG_ENABLE_MODULES = YES;
				CLANG_ENABLE_OBJC_ARC = YES;
				CLANG_WARN_BLOCK_CAPTURE_AUTORELEASING = YES;
				CLANG_WARN_BOOL_CONVERSION = YES;
				CLANG_WARN_COMMA = YES;
				CLANG_WARN_CONSTANT_CONVERSION = YES;
				CLANG_WARN_DIRECT_OBJC_ISA_USAGE = YES_ERROR;
				CLANG_WARN_DOCUMENTATION_COMMENTS = YES;
				CLANG_WARN_EMPTY_BODY = YES;
				CLANG_WARN_ENUM_CONVERSION = YES;
				CLANG_WARN_INFINITE_RECURSION = YES;
				CLANG_WARN_INT_CONVERSION = YES;
				CLANG_WARN_NON_LITERAL_NULL_CONVERSION = YES;
				CLANG_WARN_OBJC_LITERAL_CONVERSION = YES;
				CLANG_WARN_OBJC_ROOT_CLASS = YES_ERROR;
				CLANG_WARN_RANGE_LOOP_ANALYSIS = YES;
				CLANG_WARN_STRICT_PROTOTYPES = YES;
				CLANG_WARN_SUSPICIOUS_MOVE = YES;
				CLANG_WARN_UNGUARDED_AVAILABILITY = YES_AGGRESSIVE;
				CLANG_WARN_UNREACHABLE_CODE = YES;
				CLANG_WARN__DUPLICATE_METHOD_MATCH = YES;
				CODE_SIGN_IDENTITY = "iPhone Developer";
				COPY_PHASE_STRIP = NO;
				DEBUG_INFORMATION_FORMAT = "dwarf-with-dsym";
				ENABLE_NS_ASSERTIONS = NO;
				ENABLE_STRICT_OBJC_MSGSEND = YES;
				GCC_C_LANGUAGE_STANDARD = gnu11;
				GCC_NO_COMMON_BLOCKS = YES;
				GCC_WARN_64_TO_32_BIT_CONVERSION = YES;
				GCC_WARN_ABOUT_RETURN_TYPE = YES_ERROR;
				GCC_WARN_UNDECLARED_SELECTOR = YES;
				GCC_WARN_UNINITIALIZED_AUTOS = YES_AGGRESSIVE;
				GCC_WARN_UNUSED_FUNCTION = YES;
				GCC_WARN_UNUSED_VARIABLE = YES;
				IPHONEOS_DEPLOYMENT_TARGET = 11.2;
				MTL_ENABLE_DEBUG_INFO = NO;
				SDKROOT = iphoneos;
				SWIFT_OPTIMIZATION_LEVEL = "-Owholemodule";
				VALIDATE_PRODUCT = YES;
			};
			name = Release;
		};
		A96CD2B520064A4E009C25D3 /* Debug */ = {
			isa = XCBuildConfiguration;
			baseConfigurationReference = 5EA0E566E1C4C7E7F6922A89 /* Pods-OFODemo.debug.xcconfig */;
			buildSettings = {
				ASSETCATALOG_COMPILER_APPICON_NAME = AppIcon;
				ASSETCATALOG_COMPILER_LAUNCHIMAGE_NAME = LaunchImage;
				CLANG_ENABLE_MODULES = YES;
				CODE_SIGN_STYLE = Automatic;
				DEVELOPMENT_TEAM = 85G29EJRB3;
				INFOPLIST_FILE = OFODemo/Info.plist;
				IPHONEOS_DEPLOYMENT_TARGET = 8.0;
				LD_RUNPATH_SEARCH_PATHS = "$(inherited) @executable_path/Frameworks";
				PRODUCT_BUNDLE_IDENTIFIER = com.Carson.OFODemo;
				PRODUCT_NAME = "$(TARGET_NAME)";
				SWIFT_OBJC_BRIDGING_HEADER = "OFODemo/Tools/OFODemo-Bridging-Header.h";
				SWIFT_OPTIMIZATION_LEVEL = "-Onone";
				SWIFT_VERSION = 4.0;
				TARGETED_DEVICE_FAMILY = 1;
			};
			name = Debug;
		};
		A96CD2B620064A4E009C25D3 /* Release */ = {
			isa = XCBuildConfiguration;
			baseConfigurationReference = CD6352182B0543E78D159856 /* Pods-OFODemo.release.xcconfig */;
			buildSettings = {
				ASSETCATALOG_COMPILER_APPICON_NAME = AppIcon;
				ASSETCATALOG_COMPILER_LAUNCHIMAGE_NAME = LaunchImage;
				CLANG_ENABLE_MODULES = YES;
				CODE_SIGN_STYLE = Automatic;
				DEVELOPMENT_TEAM = 85G29EJRB3;
				INFOPLIST_FILE = OFODemo/Info.plist;
				IPHONEOS_DEPLOYMENT_TARGET = 8.0;
				LD_RUNPATH_SEARCH_PATHS = "$(inherited) @executable_path/Frameworks";
				PRODUCT_BUNDLE_IDENTIFIER = com.Carson.OFODemo;
				PRODUCT_NAME = "$(TARGET_NAME)";
				SWIFT_OBJC_BRIDGING_HEADER = "OFODemo/Tools/OFODemo-Bridging-Header.h";
				SWIFT_VERSION = 4.0;
				TARGETED_DEVICE_FAMILY = 1;
			};
			name = Release;
		};
/* End XCBuildConfiguration section */

/* Begin XCConfigurationList section */
		A96CD29D20064A4E009C25D3 /* Build configuration list for PBXProject "OFODemo" */ = {
			isa = XCConfigurationList;
			buildConfigurations = (
				A96CD2B220064A4E009C25D3 /* Debug */,
				A96CD2B320064A4E009C25D3 /* Release */,
			);
			defaultConfigurationIsVisible = 0;
			defaultConfigurationName = Release;
		};
		A96CD2B420064A4E009C25D3 /* Build configuration list for PBXNativeTarget "OFODemo" */ = {
			isa = XCConfigurationList;
			buildConfigurations = (
				A96CD2B520064A4E009C25D3 /* Debug */,
				A96CD2B620064A4E009C25D3 /* Release */,
			);
			defaultConfigurationIsVisible = 0;
			defaultConfigurationName = Release;
		};
/* End XCConfigurationList section */
	};
	rootObject = A96CD29A20064A4E009C25D3 /* Project object */;
}
